{
  "originHash" : "4360a33b02216242dc0a7552dbbe480e4c7b5343d9fc29b6de02d4962a10a586",
  "pins" : [
    {
      "identity" : "adelsonauthmanager",
      "kind" : "remoteSourceControl",
      "location" : "https://github.com/Ahmed23Adel/AdelsonAuthManager",
      "state" : {
        "branch" : "master",
        "revision" : "063fa89ff54438dc431425a682beb6835713a29d"
      }
    },
    {
      "identity" : "adelsonvalidator",
      "kind" : "remoteSourceControl",
      "location" : "https://github.com/Ahmed23Adel/AdelsonValidator",
      "state" : {
        "branch" : "main",
        "revision" : "7635ffda838bba40b32e4006dd6c91d59d2f9500"
      }
    },
    {
      "identity" : "alamofire",
      "kind" : "remoteSourceControl",
      "location" : "https://github.com/Alamofire/Alamofire.git",
      "state" : {
        "revision" : "7be73f6c2b5cd90e40798b06ebd5da8f9f79cf88",
        "version" : "5.11.0"
      }
    }
  ],
  "version" : 3
}
