{
  "originHash" : "1a1865c9f113c3c716162b514c51dd0bf13451bfb5e48e0dfaa9b1bcac7d7f16",
  "pins" : [
    {
      "identity" : "adelsonauthmanager",
      "kind" : "remoteSourceControl",
      "location" : "https://github.com/Ahmed23Adel/AdelsonAuthManager",
      "state" : {
        "branch" : "master",
        "revision" : "c3ef6c635adf258530e73bdc01fd8c8dd328b189"
      }
    },
    {
      "identity" : "adelsonvalidator",
      "kind" : "remoteSourceControl",
      "location" : "https://github.com/Ahmed23Adel/AdelsonValidator",
      "state" : {
        "branch" : "main",
        "revision" : "7635ffda838bba40b32e4006dd6c91d59d2f9500"
      }
    },
    {
      "identity" : "alamofire",
      "kind" : "remoteSourceControl",
      "location" : "https://github.com/Alamofire/Alamofire.git",
      "state" : {
        "revision" : "7be73f6c2b5cd90e40798b06ebd5da8f9f79cf88",
        "version" : "5.11.0"
      }
    }
  ],
  "version" : 3
}
